// !$*UTF8*$!
{
	archiveVersion = 1;
	classes = {
	};
	objectVersion = 56;
	objects = {

/* Begin PBXBuildFile section */
		CE269A5E297EAB0E00F16C1D /* TablasViewController.swift in Sources */ = {isa = PBXBuildFile; fileRef = CE269A5D297EAB0E00F16C1D /* TablasViewController.swift */; };
		CE65C8D22970470500A4AEF5 /* AppDelegate.swift in Sources */ = {isa = PBXBuildFile; fileRef = CE65C8D12970470500A4AEF5 /* AppDelegate.swift */; };
		CE65C8D42970470500A4AEF5 /* SceneDelegate.swift in Sources */ = {isa = PBXBuildFile; fileRef = CE65C8D32970470500A4AEF5 /* SceneDelegate.swift */; };
		CE65C8D62970470500A4AEF5 /* ViewController.swift in Sources */ = {isa = PBXBuildFile; fileRef = CE65C8D52970470500A4AEF5 /* ViewController.swift */; };
		CE65C8D92970470500A4AEF5 /* Main.storyboard in Resources */ = {isa = PBXBuildFile; fileRef = CE65C8D72970470500A4AEF5 /* Main.storyboard */; };
		CE65C8DB2970470700A4AEF5 /* Assets.xcassets in Resources */ = {isa = PBXBuildFile; fileRef = CE65C8DA2970470700A4AEF5 /* Assets.xcassets */; };
		CE65C8DE2970470700A4AEF5 /* LaunchScreen.storyboard in Resources */ = {isa = PBXBuildFile; fileRef = CE65C8DC2970470700A4AEF5 /* LaunchScreen.storyboard */; };
		CE709113297ABC0F0074BC2C /* Seccion14ViewController.swift in Sources */ = {isa = PBXBuildFile; fileRef = CE709112297ABC0F0074BC2C /* Seccion14ViewController.swift */; };
		CE773EA729800CD5005A7665 /* Automovil.swift in Sources */ = {isa = PBXBuildFile; fileRef = CE773EA629800CD5005A7665 /* Automovil.swift */; };
		CE773EA929800D60005A7665 /* AutomovilViewController.swift in Sources */ = {isa = PBXBuildFile; fileRef = CE773EA829800D60005A7665 /* AutomovilViewController.swift */; };
		CE773EAB298015A1005A7665 /* AutoDetalleViewController.swift in Sources */ = {isa = PBXBuildFile; fileRef = CE773EAA298015A1005A7665 /* AutoDetalleViewController.swift */; };
		CE773EAD298019F5005A7665 /* AutomovilElectrico.swift in Sources */ = {isa = PBXBuildFile; fileRef = CE773EAC298019F5005A7665 /* AutomovilElectrico.swift */; };
		CEDBB109297DC217009955E3 /* ColoresViewController.swift in Sources */ = {isa = PBXBuildFile; fileRef = CEDBB108297DC217009955E3 /* ColoresViewController.swift */; };
		CEDBB10B297DC82B009955E3 /* DestinationViewController.swift in Sources */ = {isa = PBXBuildFile; fileRef = CEDBB10A297DC82B009955E3 /* DestinationViewController.swift */; };
		CEEFC848297EB4C5002C7DBB /* MyCustomTableViewCell.swift in Sources */ = {isa = PBXBuildFile; fileRef = CEEFC846297EB4C5002C7DBB /* MyCustomTableViewCell.swift */; };
		CEEFC849297EB4C5002C7DBB /* MyCustomTableViewCell.xib in Resources */ = {isa = PBXBuildFile; fileRef = CEEFC847297EB4C5002C7DBB /* MyCustomTableViewCell.xib */; };
		CEEFC84B297EC491002C7DBB /* CollectionViewViewController.swift in Sources */ = {isa = PBXBuildFile; fileRef = CEEFC84A297EC491002C7DBB /* CollectionViewViewController.swift */; };
		CEEFC84E297EC599002C7DBB /* MyCustomCollectionViewCell.swift in Sources */ = {isa = PBXBuildFile; fileRef = CEEFC84C297EC598002C7DBB /* MyCustomCollectionViewCell.swift */; };
		CEEFC84F297EC599002C7DBB /* MyCustomCollectionViewCell.xib in Resources */ = {isa = PBXBuildFile; fileRef = CEEFC84D297EC598002C7DBB /* MyCustomCollectionViewCell.xib */; };
		CEF62947297DB2280064E86D /* PageViewController.swift in Sources */ = {isa = PBXBuildFile; fileRef = CEF62946297DB2280064E86D /* PageViewController.swift */; };
		CEF728CF2979A13200D72869 /* Seccion13ViewController.swift in Sources */ = {isa = PBXBuildFile; fileRef = CEF728CE2979A13200D72869 /* Seccion13ViewController.swift */; };
/* End PBXBuildFile section */

/* Begin PBXFileReference section */
		CE269A5D297EAB0E00F16C1D /* TablasViewController.swift */ = {isa = PBXFileReference; lastKnownFileType = sourcecode.swift; path = TablasViewController.swift; sourceTree = "<group>"; };
		CE65C8CE2970470500A4AEF5 /* CursoIos.app */ = {isa = PBXFileReference; explicitFileType = wrapper.application; includeInIndex = 0; path = CursoIos.app; sourceTree = BUILT_PRODUCTS_DIR; };
		CE65C8D12970470500A4AEF5 /* AppDelegate.swift */ = {isa = PBXFileReference; lastKnownFileType = sourcecode.swift; path = AppDelegate.swift; sourceTree = "<group>"; };
		CE65C8D32970470500A4AEF5 /* SceneDelegate.swift */ = {isa = PBXFileReference; lastKnownFileType = sourcecode.swift; path = SceneDelegate.swift; sourceTree = "<group>"; };
		CE65C8D52970470500A4AEF5 /* ViewController.swift */ = {isa = PBXFileReference; lastKnownFileType = sourcecode.swift; path = ViewController.swift; sourceTree = "<group>"; };
		CE65C8D82970470500A4AEF5 /* Base */ = {isa = PBXFileReference; lastKnownFileType = file.storyboard; name = Base; path = Base.lproj/Main.storyboard; sourceTree = "<group>"; };
		CE65C8DA2970470700A4AEF5 /* Assets.xcassets */ = {isa = PBXFileReference; lastKnownFileType = folder.assetcatalog; path = Assets.xcassets; sourceTree = "<group>"; };
		CE65C8DD2970470700A4AEF5 /* Base */ = {isa = PBXFileReference; lastKnownFileType = file.storyboard; name = Base; path = Base.lproj/LaunchScreen.storyboard; sourceTree = "<group>"; };
		CE65C8DF2970470700A4AEF5 /* Info.plist */ = {isa = PBXFileReference; lastKnownFileType = text.plist.xml; path = Info.plist; sourceTree = "<group>"; };
		CE65C8E52970475E00A4AEF5 /* SeccionesDelCursoConPlaygrounds.playground */ = {isa = PBXFileReference; lastKnownFileType = file.playground; path = SeccionesDelCursoConPlaygrounds.playground; sourceTree = "<group>"; xcLanguageSpecificationIdentifier = xcode.lang.swift; };
		CE709112297ABC0F0074BC2C /* Seccion14ViewController.swift */ = {isa = PBXFileReference; lastKnownFileType = sourcecode.swift; path = Seccion14ViewController.swift; sourceTree = "<group>"; };
		CE773EA629800CD5005A7665 /* Automovil.swift */ = {isa = PBXFileReference; lastKnownFileType = sourcecode.swift; path = Automovil.swift; sourceTree = "<group>"; };
		CE773EA829800D60005A7665 /* AutomovilViewController.swift */ = {isa = PBXFileReference; lastKnownFileType = sourcecode.swift; path = AutomovilViewController.swift; sourceTree = "<group>"; };
		CE773EAA298015A1005A7665 /* AutoDetalleViewController.swift */ = {isa = PBXFileReference; lastKnownFileType = sourcecode.swift; path = AutoDetalleViewController.swift; sourceTree = "<group>"; };
		CE773EAC298019F5005A7665 /* AutomovilElectrico.swift */ = {isa = PBXFileReference; lastKnownFileType = sourcecode.swift; path = AutomovilElectrico.swift; sourceTree = "<group>"; };
		CEDBB108297DC217009955E3 /* ColoresViewController.swift */ = {isa = PBXFileReference; lastKnownFileType = sourcecode.swift; path = ColoresViewController.swift; sourceTree = "<group>"; };
		CEDBB10A297DC82B009955E3 /* DestinationViewController.swift */ = {isa = PBXFileReference; lastKnownFileType = sourcecode.swift; path = DestinationViewController.swift; sourceTree = "<group>"; };
		CEEFC846297EB4C5002C7DBB /* MyCustomTableViewCell.swift */ = {isa = PBXFileReference; lastKnownFileType = sourcecode.swift; path = MyCustomTableViewCell.swift; sourceTree = "<group>"; };
		CEEFC847297EB4C5002C7DBB /* MyCustomTableViewCell.xib */ = {isa = PBXFileReference; lastKnownFileType = file.xib; path = MyCustomTableViewCell.xib; sourceTree = "<group>"; };
		CEEFC84A297EC491002C7DBB /* CollectionViewViewController.swift */ = {isa = PBXFileReference; lastKnownFileType = sourcecode.swift; path = CollectionViewViewController.swift; sourceTree = "<group>"; };
		CEEFC84C297EC598002C7DBB /* MyCustomCollectionViewCell.swift */ = {isa = PBXFileReference; lastKnownFileType = sourcecode.swift; path = MyCustomCollectionViewCell.swift; sourceTree = "<group>"; };
		CEEFC84D297EC598002C7DBB /* MyCustomCollectionViewCell.xib */ = {isa = PBXFileReference; lastKnownFileType = file.xib; path = MyCustomCollectionViewCell.xib; sourceTree = "<group>"; };
		CEF62946297DB2280064E86D /* PageViewController.swift */ = {isa = PBXFileReference; lastKnownFileType = sourcecode.swift; path = PageViewController.swift; sourceTree = "<group>"; };
		CEF728CE2979A13200D72869 /* Seccion13ViewController.swift */ = {isa = PBXFileReference; lastKnownFileType = sourcecode.swift; path = Seccion13ViewController.swift; sourceTree = "<group>"; };
/* End PBXFileReference section */

/* Begin PBXFrameworksBuildPhase section */
		CE65C8CB2970470500A4AEF5 /* Frameworks */ = {
			isa = PBXFrameworksBuildPhase;
			buildActionMask = 2147483647;
			files = (
			);
			runOnlyForDeploymentPostprocessing = 0;
		};
/* End PBXFrameworksBuildPhase section */

/* Begin PBXGroup section */
		CE269A5C297EAAFD00F16C1D /* Seccion16 */ = {
			isa = PBXGroup;
			children = (
				CE269A5D297EAB0E00F16C1D /* TablasViewController.swift */,
				CEEFC846297EB4C5002C7DBB /* MyCustomTableViewCell.swift */,
				CEEFC847297EB4C5002C7DBB /* MyCustomTableViewCell.xib */,
				CEEFC84A297EC491002C7DBB /* CollectionViewViewController.swift */,
				CEEFC84C297EC598002C7DBB /* MyCustomCollectionViewCell.swift */,
				CEEFC84D297EC598002C7DBB /* MyCustomCollectionViewCell.xib */,
			);
			path = Seccion16;
			sourceTree = "<group>";
		};
		CE65C8C52970470500A4AEF5 = {
			isa = PBXGroup;
			children = (
				CE65C8D02970470500A4AEF5 /* CursoIos */,
				CE65C8CF2970470500A4AEF5 /* Products */,
			);
			sourceTree = "<group>";
		};
		CE65C8CF2970470500A4AEF5 /* Products */ = {
			isa = PBXGroup;
			children = (
				CE65C8CE2970470500A4AEF5 /* CursoIos.app */,
			);
			name = Products;
			sourceTree = "<group>";
		};
		CE65C8D02970470500A4AEF5 /* CursoIos */ = {
			isa = PBXGroup;
			children = (
				CE773EA529800CBF005A7665 /* Seccion17 */,
				CE269A5C297EAAFD00F16C1D /* Seccion16 */,
				CEDBB107297DC203009955E3 /* Seccion15 */,
				CE709111297ABBF40074BC2C /* Seccion14 */,
				CEF728CD2979A11F00D72869 /* Seccion13 */,
				CE65C8E6297059C400A4AEF5 /* Playgrounds */,
				CE65C8D12970470500A4AEF5 /* AppDelegate.swift */,
				CE65C8D32970470500A4AEF5 /* SceneDelegate.swift */,
				CE65C8D52970470500A4AEF5 /* ViewController.swift */,
				CE65C8D72970470500A4AEF5 /* Main.storyboard */,
				CE65C8DA2970470700A4AEF5 /* Assets.xcassets */,
				CE65C8DC2970470700A4AEF5 /* LaunchScreen.storyboard */,
				CE65C8DF2970470700A4AEF5 /* Info.plist */,
			);
			path = CursoIos;
			sourceTree = "<group>";
		};
		CE65C8E6297059C400A4AEF5 /* Playgrounds */ = {
			isa = PBXGroup;
			children = (
				CE65C8E52970475E00A4AEF5 /* SeccionesDelCursoConPlaygrounds.playground */,
			);
			path = Playgrounds;
			sourceTree = "<group>";
		};
		CE709111297ABBF40074BC2C /* Seccion14 */ = {
			isa = PBXGroup;
			children = (
				CE709112297ABC0F0074BC2C /* Seccion14ViewController.swift */,
				CEF62946297DB2280064E86D /* PageViewController.swift */,
			);
			path = Seccion14;
			sourceTree = "<group>";
		};
		CE773EA529800CBF005A7665 /* Seccion17 */ = {
			isa = PBXGroup;
			children = (
				CE773EA629800CD5005A7665 /* Automovil.swift */,
				CE773EAC298019F5005A7665 /* AutomovilElectrico.swift */,
				CE773EA829800D60005A7665 /* AutomovilViewController.swift */,
				CE773EAA298015A1005A7665 /* AutoDetalleViewController.swift */,
			);
			path = Seccion17;
			sourceTree = "<group>";
		};
		CEDBB107297DC203009955E3 /* Seccion15 */ = {
			isa = PBXGroup;
			children = (
				CEDBB108297DC217009955E3 /* ColoresViewController.swift */,
				CEDBB10A297DC82B009955E3 /* DestinationViewController.swift */,
			);
			path = Seccion15;
			sourceTree = "<group>";
		};
		CEF728CD2979A11F00D72869 /* Seccion13 */ = {
			isa = PBXGroup;
			children = (
				CEF728CE2979A13200D72869 /* Seccion13ViewController.swift */,
			);
			path = Seccion13;
			sourceTree = "<group>";
		};
/* End PBXGroup section */

/* Begin PBXNativeTarget section */
		CE65C8CD2970470500A4AEF5 /* CursoIos */ = {
			isa = PBXNativeTarget;
			buildConfigurationList = CE65C8E22970470700A4AEF5 /* Build configuration list for PBXNativeTarget "CursoIos" */;
			buildPhases = (
				CE65C8CA2970470500A4AEF5 /* Sources */,
				CE65C8CB2970470500A4AEF5 /* Frameworks */,
				CE65C8CC2970470500A4AEF5 /* Resources */,
			);
			buildRules = (
			);
			dependencies = (
			);
			name = CursoIos;
			productName = CursoIos;
			productReference = CE65C8CE2970470500A4AEF5 /* CursoIos.app */;
			productType = "com.apple.product-type.application";
		};
/* End PBXNativeTarget section */

/* Begin PBXProject section */
		CE65C8C62970470500A4AEF5 /* Project object */ = {
			isa = PBXProject;
			attributes = {
				BuildIndependentTargetsInParallel = 1;
				LastSwiftUpdateCheck = 1410;
				LastUpgradeCheck = 1410;
				TargetAttributes = {
					CE65C8CD2970470500A4AEF5 = {
						CreatedOnToolsVersion = 14.1;
					};
				};
			};
			buildConfigurationList = CE65C8C92970470500A4AEF5 /* Build configuration list for PBXProject "CursoIos" */;
			compatibilityVersion = "Xcode 14.0";
			developmentRegion = en;
			hasScannedForEncodings = 0;
			knownRegions = (
				en,
				Base,
			);
			mainGroup = CE65C8C52970470500A4AEF5;
			productRefGroup = CE65C8CF2970470500A4AEF5 /* Products */;
			projectDirPath = "";
			projectRoot = "";
			targets = (
				CE65C8CD2970470500A4AEF5 /* CursoIos */,
			);
		};
/* End PBXProject section */

/* Begin PBXResourcesBuildPhase section */
		CE65C8CC2970470500A4AEF5 /* Resources */ = {
			isa = PBXResourcesBuildPhase;
			buildActionMask = 2147483647;
			files = (
				CE65C8DE2970470700A4AEF5 /* LaunchScreen.storyboard in Resources */,
				CE65C8DB2970470700A4AEF5 /* Assets.xcassets in Resources */,
				CEEFC84F297EC599002C7DBB /* MyCustomCollectionViewCell.xib in Resources */,
				CEEFC849297EB4C5002C7DBB /* MyCustomTableViewCell.xib in Resources */,
				CE65C8D92970470500A4AEF5 /* Main.storyboard in Resources */,
			);
			runOnlyForDeploymentPostprocessing = 0;
		};
/* End PBXResourcesBuildPhase section */

/* Begin PBXSourcesBuildPhase section */
		CE65C8CA2970470500A4AEF5 /* Sources */ = {
			isa = PBXSourcesBuildPhase;
			buildActionMask = 2147483647;
			files = (
				CEEFC848297EB4C5002C7DBB /* MyCustomTableViewCell.swift in Sources */,
				CE65C8D62970470500A4AEF5 /* ViewController.swift in Sources */,
				CE773EAB298015A1005A7665 /* AutoDetalleViewController.swift in Sources */,
				CE65C8D22970470500A4AEF5 /* AppDelegate.swift in Sources */,
				CEDBB109297DC217009955E3 /* ColoresViewController.swift in Sources */,
				CEDBB10B297DC82B009955E3 /* DestinationViewController.swift in Sources */,
				CE65C8D42970470500A4AEF5 /* SceneDelegate.swift in Sources */,
				CEEFC84B297EC491002C7DBB /* CollectionViewViewController.swift in Sources */,
				CEF62947297DB2280064E86D /* PageViewController.swift in Sources */,
				CEF728CF2979A13200D72869 /* Seccion13ViewController.swift in Sources */,
				CE709113297ABC0F0074BC2C /* Seccion14ViewController.swift in Sources */,
				CEEFC84E297EC599002C7DBB /* MyCustomCollectionViewCell.swift in Sources */,
				CE773EA929800D60005A7665 /* AutomovilViewController.swift in Sources */,
				CE773EAD298019F5005A7665 /* AutomovilElectrico.swift in Sources */,
				CE269A5E297EAB0E00F16C1D /* TablasViewController.swift in Sources */,
				CE773EA729800CD5005A7665 /* Automovil.swift in Sources */,
			);
			runOnlyForDeploymentPostprocessing = 0;
		};
/* End PBXSourcesBuildPhase section */

/* Begin PBXVariantGroup section */
		CE65C8D72970470500A4AEF5 /* Main.storyboard */ = {
			isa = PBXVariantGroup;
			children = (
				CE65C8D82970470500A4AEF5 /* Base */,
			);
			name = Main.storyboard;
			sourceTree = "<group>";
		};
		CE65C8DC2970470700A4AEF5 /* LaunchScreen.storyboard */ = {
			isa = PBXVariantGroup;
			children = (
				CE65C8DD2970470700A4AEF5 /* Base */,
			);
			name = LaunchScreen.storyboard;
			sourceTree = "<group>";
		};
/* End PBXVariantGroup section */

/* Begin XCBuildConfiguration section */
		CE65C8E02970470700A4AEF5 /* Debug */ = {
			isa = XCBuildConfiguration;
			buildSettings = {
				ALWAYS_SEARCH_USER_PATHS = NO;
				CLANG_ANALYZER_NONNULL = YES;
				CLANG_ANALYZER_NUMBER_OBJECT_CONVERSION = YES_AGGRESSIVE;
				CLANG_CXX_LANGUAGE_STANDARD = "gnu++20";
				CLANG_ENABLE_MODULES = YES;
				CLANG_ENABLE_OBJC_ARC = YES;
				CLANG_ENABLE_OBJC_WEAK = YES;
				CLANG_WARN_BLOCK_CAPTURE_AUTORELEASING = YES;
				CLANG_WARN_BOOL_CONVERSION = YES;
				CLANG_WARN_COMMA = YES;
				CLANG_WARN_CONSTANT_CONVERSION = YES;
				CLANG_WARN_DEPRECATED_OBJC_IMPLEMENTATIONS = YES;
				CLANG_WARN_DIRECT_OBJC_ISA_USAGE = YES_ERROR;
				CLANG_WARN_DOCUMENTATION_COMMENTS = YES;
				CLANG_WARN_EMPTY_BODY = YES;
				CLANG_WARN_ENUM_CONVERSION = YES;
				CLANG_WARN_INFINITE_RECURSION = YES;
				CLANG_WARN_INT_CONVERSION = YES;
				CLANG_WARN_NON_LITERAL_NULL_CONVERSION = YES;
				CLANG_WARN_OBJC_IMPLICIT_RETAIN_SELF = YES;
				CLANG_WARN_OBJC_LITERAL_CONVERSION = YES;
				CLANG_WARN_OBJC_ROOT_CLASS = YES_ERROR;
				CLANG_WARN_QUOTED_INCLUDE_IN_FRAMEWORK_HEADER = YES;
				CLANG_WARN_RANGE_LOOP_ANALYSIS = YES;
				CLANG_WARN_STRICT_PROTOTYPES = YES;
				CLANG_WARN_SUSPICIOUS_MOVE = YES;
				CLANG_WARN_UNGUARDED_AVAILABILITY = YES_AGGRESSIVE;
				CLANG_WARN_UNREACHABLE_CODE = YES;
				CLANG_WARN__DUPLICATE_METHOD_MATCH = YES;
				COPY_PHASE_STRIP = NO;
				DEBUG_INFORMATION_FORMAT = dwarf;
				ENABLE_STRICT_OBJC_MSGSEND = YES;
				ENABLE_TESTABILITY = YES;
				GCC_C_LANGUAGE_STANDARD = gnu11;
				GCC_DYNAMIC_NO_PIC = NO;
				GCC_NO_COMMON_BLOCKS = YES;
				GCC_OPTIMIZATION_LEVEL = 0;
				GCC_PREPROCESSOR_DEFINITIONS = (
					"DEBUG=1",
					"$(inherited)",
				);
				GCC_WARN_64_TO_32_BIT_CONVERSION = YES;
				GCC_WARN_ABOUT_RETURN_TYPE = YES_ERROR;
				GCC_WARN_UNDECLARED_SELECTOR = YES;
				GCC_WARN_UNINITIALIZED_AUTOS = YES_AGGRESSIVE;
				GCC_WARN_UNUSED_FUNCTION = YES;
				GCC_WARN_UNUSED_VARIABLE = YES;
				IPHONEOS_DEPLOYMENT_TARGET = 16.1;
				MTL_ENABLE_DEBUG_INFO = INCLUDE_SOURCE;
				MTL_FAST_MATH = YES;
				ONLY_ACTIVE_ARCH = YES;
				SDKROOT = iphoneos;
				SWIFT_ACTIVE_COMPILATION_CONDITIONS = DEBUG;
				SWIFT_OPTIMIZATION_LEVEL = "-Onone";
			};
			name = Debug;
		};
		CE65C8E12970470700A4AEF5 /* Release */ = {
			isa = XCBuildConfiguration;
			buildSettings = {
				ALWAYS_SEARCH_USER_PATHS = NO;
				CLANG_ANALYZER_NONNULL = YES;
				CLANG_ANALYZER_NUMBER_OBJECT_CONVERSION = YES_AGGRESSIVE;
				CLANG_CXX_LANGUAGE_STANDARD = "gnu++20";
				CLANG_ENABLE_MODULES = YES;
				CLANG_ENABLE_OBJC_ARC = YES;
				CLANG_ENABLE_OBJC_WEAK = YES;
				CLANG_WARN_BLOCK_CAPTURE_AUTORELEASING = YES;
				CLANG_WARN_BOOL_CONVERSION = YES;
				CLANG_WARN_COMMA = YES;
				CLANG_WARN_CONSTANT_CONVERSION = YES;
				CLANG_WARN_DEPRECATED_OBJC_IMPLEMENTATIONS = YES;
				CLANG_WARN_DIRECT_OBJC_ISA_USAGE = YES_ERROR;
				CLANG_WARN_DOCUMENTATION_COMMENTS = YES;
				CLANG_WARN_EMPTY_BODY = YES;
				CLANG_WARN_ENUM_CONVERSION = YES;
				CLANG_WARN_INFINITE_RECURSION = YES;
				CLANG_WARN_INT_CONVERSION = YES;
				CLANG_WARN_NON_LITERAL_NULL_CONVERSION = YES;
				CLANG_WARN_OBJC_IMPLICIT_RETAIN_SELF = YES;
				CLANG_WARN_OBJC_LITERAL_CONVERSION = YES;
				CLANG_WARN_OBJC_ROOT_CLASS = YES_ERROR;
				CLANG_WARN_QUOTED_INCLUDE_IN_FRAMEWORK_HEADER = YES;
				CLANG_WARN_RANGE_LOOP_ANALYSIS = YES;
				CLANG_WARN_STRICT_PROTOTYPES = YES;
				CLANG_WARN_SUSPICIOUS_MOVE = YES;
				CLANG_WARN_UNGUARDED_AVAILABILITY = YES_AGGRESSIVE;
				CLANG_WARN_UNREACHABLE_CODE = YES;
				CLANG_WARN__DUPLICATE_METHOD_MATCH = YES;
				COPY_PHASE_STRIP = NO;
				DEBUG_INFORMATION_FORMAT = "dwarf-with-dsym";
				ENABLE_NS_ASSERTIONS = NO;
				ENABLE_STRICT_OBJC_MSGSEND = YES;
				GCC_C_LANGUAGE_STANDARD = gnu11;
				GCC_NO_COMMON_BLOCKS = YES;
				GCC_WARN_64_TO_32_BIT_CONVERSION = YES;
				GCC_WARN_ABOUT_RETURN_TYPE = YES_ERROR;
				GCC_WARN_UNDECLARED_SELECTOR = YES;
				GCC_WARN_UNINITIALIZED_AUTOS = YES_AGGRESSIVE;
				GCC_WARN_UNUSED_FUNCTION = YES;
				GCC_WARN_UNUSED_VARIABLE = YES;
				IPHONEOS_DEPLOYMENT_TARGET = 16.1;
				MTL_ENABLE_DEBUG_INFO = NO;
				MTL_FAST_MATH = YES;
				SDKROOT = iphoneos;
				SWIFT_COMPILATION_MODE = wholemodule;
				SWIFT_OPTIMIZATION_LEVEL = "-O";
				VALIDATE_PRODUCT = YES;
			};
			name = Release;
		};
		CE65C8E32970470700A4AEF5 /* Debug */ = {
			isa = XCBuildConfiguration;
			buildSettings = {
				ASSETCATALOG_COMPILER_APPICON_NAME = AppIcon;
				ASSETCATALOG_COMPILER_GLOBAL_ACCENT_COLOR_NAME = AccentColor;
				CODE_SIGN_STYLE = Automatic;
				CURRENT_PROJECT_VERSION = 1;
				DEVELOPMENT_TEAM = SBB2CSR978;
				GENERATE_INFOPLIST_FILE = YES;
				INFOPLIST_FILE = CursoIos/Info.plist;
				INFOPLIST_KEY_UIApplicationSupportsIndirectInputEvents = YES;
				INFOPLIST_KEY_UILaunchStoryboardName = LaunchScreen;
				INFOPLIST_KEY_UIMainStoryboardFile = Main;
				INFOPLIST_KEY_UISupportedInterfaceOrientations_iPad = "UIInterfaceOrientationPortrait UIInterfaceOrientationPortraitUpsideDown UIInterfaceOrientationLandscapeLeft UIInterfaceOrientationLandscapeRight";
				INFOPLIST_KEY_UISupportedInterfaceOrientations_iPhone = "UIInterfaceOrientationPortrait UIInterfaceOrientationLandscapeLeft UIInterfaceOrientationLandscapeRight";
				LD_RUNPATH_SEARCH_PATHS = (
					"$(inherited)",
					"@executable_path/Frameworks",
				);
				MARKETING_VERSION = 1.0;
				PRODUCT_BUNDLE_IDENTIFIER = com.nicopepe.CursoIos;
				PRODUCT_NAME = "$(TARGET_NAME)";
				SWIFT_EMIT_LOC_STRINGS = YES;
				SWIFT_VERSION = 5.0;
				TARGETED_DEVICE_FAMILY = "1,2";
			};
			name = Debug;
		};
		CE65C8E42970470700A4AEF5 /* Release */ = {
			isa = XCBuildConfiguration;
			buildSettings = {
				ASSETCATALOG_COMPILER_APPICON_NAME = AppIcon;
				ASSETCATALOG_COMPILER_GLOBAL_ACCENT_COLOR_NAME = AccentColor;
				CODE_SIGN_STYLE = Automatic;
				CURRENT_PROJECT_VERSION = 1;
				DEVELOPMENT_TEAM = SBB2CSR978;
				GENERATE_INFOPLIST_FILE = YES;
				INFOPLIST_FILE = CursoIos/Info.plist;
				INFOPLIST_KEY_UIApplicationSupportsIndirectInputEvents = YES;
				INFOPLIST_KEY_UILaunchStoryboardName = LaunchScreen;
				INFOPLIST_KEY_UIMainStoryboardFile = Main;
				INFOPLIST_KEY_UISupportedInterfaceOrientations_iPad = "UIInterfaceOrientationPortrait UIInterfaceOrientationPortraitUpsideDown UIInterfaceOrientationLandscapeLeft UIInterfaceOrientationLandscapeRight";
				INFOPLIST_KEY_UISupportedInterfaceOrientations_iPhone = "UIInterfaceOrientationPortrait UIInterfaceOrientationLandscapeLeft UIInterfaceOrientationLandscapeRight";
				LD_RUNPATH_SEARCH_PATHS = (
					"$(inherited)",
					"@executable_path/Frameworks",
				);
				MARKETING_VERSION = 1.0;
				PRODUCT_BUNDLE_IDENTIFIER = com.nicopepe.CursoIos;
				PRODUCT_NAME = "$(TARGET_NAME)";
				SWIFT_EMIT_LOC_STRINGS = YES;
				SWIFT_VERSION = 5.0;
				TARGETED_DEVICE_FAMILY = "1,2";
			};
			name = Release;
		};
/* End XCBuildConfiguration section */

/* Begin XCConfigurationList section */
		CE65C8C92970470500A4AEF5 /* Build configuration list for PBXProject "CursoIos" */ = {
			isa = XCConfigurationList;
			buildConfigurations = (
				CE65C8E02970470700A4AEF5 /* Debug */,
				CE65C8E12970470700A4AEF5 /* Release */,
			);
			defaultConfigurationIsVisible = 0;
			defaultConfigurationName = Release;
		};
		CE65C8E22970470700A4AEF5 /* Build configuration list for PBXNativeTarget "CursoIos" */ = {
			isa = XCConfigurationList;
			buildConfigurations = (
				CE65C8E32970470700A4AEF5 /* Debug */,
				CE65C8E42970470700A4AEF5 /* Release */,
			);
			defaultConfigurationIsVisible = 0;
			defaultConfigurationName = Release;
		};
/* End XCConfigurationList section */
	};
	rootObject = CE65C8C62970470500A4AEF5 /* Project object */;
}
